
Microsoft Visual Studio Solution File, Format Version 12.00
# Visual Studio Version 17
VisualStudioVersion = 17.0.32112.339
MinimumVisualStudioVersion = 10.0.40219.1
Project("{9A19103F-16F7-4668-BE54-9A1E7A4F7556}") = "WebMarch", "WebMarch\WebMarch.csproj", "{E748A584-4D3B-48AD-B396-96D361DA0D36}"
EndProject
Project("{9A19103F-16F7-4668-BE54-9A1E7A4F7556}") = "Web.Database", "Web.Database\Web.Database.csproj", "{54ED9507-30BF-4E90-9C73-72D852FC701A}"
EndProject
Project("{FAE04EC0-301F-11D3-BF4B-00C04F79EFBC}") = "Web.Dal", "Web.Dal\Web.Dal.csproj", "{C0A28E5C-0483-46CC-8724-8E3C379000CF}"
EndProject
Global
	GlobalSection(SolutionConfigurationPlatforms) = preSolution
		Debug|Any CPU = Debug|Any CPU
		Release|Any CPU = Release|Any CPU
	EndGlobalSection
	GlobalSection(ProjectConfigurationPlatforms) = postSolution
		{E748A584-4D3B-48AD-B396-96D361DA0D36}.Debug|Any CPU.ActiveCfg = Debug|Any CPU
		{E748A584-4D3B-48AD-B396-96D361DA0D36}.Debug|Any CPU.Build.0 = Debug|Any CPU
		{E748A584-4D3B-48AD-B396-96D361DA0D36}.Release|Any CPU.ActiveCfg = Release|Any CPU
		{E748A584-4D3B-48AD-B396-96D361DA0D36}.Release|Any CPU.Build.0 = Release|Any CPU
		{54ED9507-30BF-4E90-9C73-72D852FC701A}.Debug|Any CPU.ActiveCfg = Debug|Any CPU
		{54ED9507-30BF-4E90-9C73-72D852FC701A}.Debug|Any CPU.Build.0 = Debug|Any CPU
		{54ED9507-30BF-4E90-9C73-72D852FC701A}.Release|Any CPU.ActiveCfg = Release|Any CPU
		{54ED9507-30BF-4E90-9C73-72D852FC701A}.Release|Any CPU.Build.0 = Release|Any CPU
		{C0A28E5C-0483-46CC-8724-8E3C379000CF}.Debug|Any CPU.ActiveCfg = Debug|Any CPU
		{C0A28E5C-0483-46CC-8724-8E3C379000CF}.Debug|Any CPU.Build.0 = Debug|Any CPU
		{C0A28E5C-0483-46CC-8724-8E3C379000CF}.Release|Any CPU.ActiveCfg = Release|Any CPU
		{C0A28E5C-0483-46CC-8724-8E3C379000CF}.Release|Any CPU.Build.0 = Release|Any CPU
	EndGlobalSection
	GlobalSection(SolutionProperties) = preSolution
		HideSolutionNode = FALSE
	EndGlobalSection
	GlobalSection(ExtensibilityGlobals) = postSolution
		SolutionGuid = {67C4FCD1-8256-4107-B540-0F13F5E143E3}
	EndGlobalSection
EndGlobal
